
Microsoft Visual Studio Solution File, Format Version 12.00
# Visual Studio 15
VisualStudioVersion = 15.0.27130.2010
MinimumVisualStudioVersion = 10.0.40219.1
Project("{FAE04EC0-301F-11D3-BF4B-00C04F79EFBC}") = "StudyCode", "StudyCode\StudyCode.csproj", "{E9D93BAE-3782-4F9D-8AED-8E5F2BF898CF}"
EndProject
Project("{FAE04EC0-301F-11D3-BF4B-00C04F79EFBC}") = "WindowsFormsLog", "WindowsFormsLog\WindowsFormsLog.csproj", "{36D87B53-79BE-404C-8C5D-10D945ABEF6E}"
EndProject
Project("{FAE04EC0-301F-11D3-BF4B-00C04F79EFBC}") = "ConsoleApplicationWCFBasicService", "ConsoleApplicationWCF\ConsoleApplicationWCFBasicService.csproj", "{59602F70-C290-488A-AAED-60E027C3C013}"
EndProject
Project("{FAE04EC0-301F-11D3-BF4B-00C04F79EFBC}") = "ConsoleApplicationWCFRestService", "ConsoleApplicationWCFRestService\ConsoleApplicationWCFRestService.csproj", "{C25E2317-1AD2-4FBF-BBC3-AB6B49F6890F}"
EndProject
Project("{FAE04EC0-301F-11D3-BF4B-00C04F79EFBC}") = "ConsoleAppWeave", "ConsoleAppWeave\ConsoleAppWeave.csproj", "{C0A8BE55-52D8-4C35-B5C1-44B2E9FDF148}"
EndProject
Project("{FAE04EC0-301F-11D3-BF4B-00C04F79EFBC}") = "ConsoleAppAutofac", "ConsoleAppAutofac\ConsoleAppAutofac.csproj", "{99FF3484-DC2F-404B-8AF2-D242547BE2E3}"
EndProject
Project("{FAE04EC0-301F-11D3-BF4B-00C04F79EFBC}") = "WebApplication1", "WebApplication1\WebApplication1.csproj", "{04AF9EDF-A9CB-4155-BCB6-26F55AA699D4}"
EndProject
Project("{FAE04EC0-301F-11D3-BF4B-00C04F79EFBC}") = "WebApplication1.Tests", "WebApplication1.Tests\WebApplication1.Tests.csproj", "{D7BEF80B-269A-4257-9EDD-38891271E364}"
EndProject
Project("{FAE04EC0-301F-11D3-BF4B-00C04F79EFBC}") = "UnitTestProject1", "UnitTestProject1\UnitTestProject1.csproj", "{DDE70100-D961-41DB-BE36-4FFA23D4042A}"
EndProject
Project("{9A19103F-16F7-4668-BE54-9A1E7A4F7556}") = "ConsoleCoreSpider", "ConsoleCoreSpider\ConsoleCoreSpider.csproj", "{1C120447-90AB-441C-B73F-CA472AEE3C61}"
EndProject
Project("{9A19103F-16F7-4668-BE54-9A1E7A4F7556}") = "ConsoleAppString", "ConsoleAppString\ConsoleAppString.csproj", "{8AF55FB3-43BA-460A-A8B3-D40BD5634D41}"
EndProject
Project("{9A19103F-16F7-4668-BE54-9A1E7A4F7556}") = "ConsoleAppMapper", "ConsoleAppMapper\ConsoleAppMapper.csproj", "{44084171-86AC-405D-A6BA-8873AA354DB7}"
EndProject
Project("{9A19103F-16F7-4668-BE54-9A1E7A4F7556}") = "XUnitTestProject1", "XUnitTestProject1\XUnitTestProject1.csproj", "{0C0B4EA6-2788-47D5-B85A-7D44755A806C}"
EndProject
Project("{9A19103F-16F7-4668-BE54-9A1E7A4F7556}") = "WebApplicationNetCore", "WebApplicationNetCore\WebApplicationNetCore.csproj", "{FA9A8323-1F01-40CF-9348-00381D2FFF4A}"
EndProject
Project("{9A19103F-16F7-4668-BE54-9A1E7A4F7556}") = "ConsoleAppCancel", "ConsoleAppCancel\ConsoleAppCancel.csproj", "{4E8E7393-FD1A-4BA2-8386-32381E6BB11C}"
EndProject
Project("{9A19103F-16F7-4668-BE54-9A1E7A4F7556}") = "WebApplicationAutofac", "WebApplicationAutofac\WebApplicationAutofac.csproj", "{3A7136A0-2311-49A2-8F5B-743A709810AE}"
EndProject
Project("{9A19103F-16F7-4668-BE54-9A1E7A4F7556}") = "ConsoleAppTask", "ConsoleAppTask\ConsoleAppTask.csproj", "{C0706625-8032-440E-8D45-AD0E5DAD0A19}"
EndProject
Project("{FAE04EC0-301F-11D3-BF4B-00C04F79EFBC}") = "LearnNetCore", "LearnNetCore\LearnNetCore.csproj", "{F0E044D3-30AD-44A0-BE08-280C055A22F4}"
EndProject
Global
	GlobalSection(SolutionConfigurationPlatforms) = preSolution
		Debug|Any CPU = Debug|Any CPU
		Release|Any CPU = Release|Any CPU
	EndGlobalSection
	GlobalSection(ProjectConfigurationPlatforms) = postSolution
		{E9D93BAE-3782-4F9D-8AED-8E5F2BF898CF}.Debug|Any CPU.ActiveCfg = Debug|Any CPU
		{E9D93BAE-3782-4F9D-8AED-8E5F2BF898CF}.Debug|Any CPU.Build.0 = Debug|Any CPU
		{E9D93BAE-3782-4F9D-8AED-8E5F2BF898CF}.Release|Any CPU.ActiveCfg = Release|Any CPU
		{E9D93BAE-3782-4F9D-8AED-8E5F2BF898CF}.Release|Any CPU.Build.0 = Release|Any CPU
		{36D87B53-79BE-404C-8C5D-10D945ABEF6E}.Debug|Any CPU.ActiveCfg = Debug|Any CPU
		{36D87B53-79BE-404C-8C5D-10D945ABEF6E}.Debug|Any CPU.Build.0 = Debug|Any CPU
		{36D87B53-79BE-404C-8C5D-10D945ABEF6E}.Release|Any CPU.ActiveCfg = Release|Any CPU
		{36D87B53-79BE-404C-8C5D-10D945ABEF6E}.Release|Any CPU.Build.0 = Release|Any CPU
		{59602F70-C290-488A-AAED-60E027C3C013}.Debug|Any CPU.ActiveCfg = Debug|Any CPU
		{59602F70-C290-488A-AAED-60E027C3C013}.Debug|Any CPU.Build.0 = Debug|Any CPU
		{59602F70-C290-488A-AAED-60E027C3C013}.Release|Any CPU.ActiveCfg = Release|Any CPU
		{59602F70-C290-488A-AAED-60E027C3C013}.Release|Any CPU.Build.0 = Release|Any CPU
		{C25E2317-1AD2-4FBF-BBC3-AB6B49F6890F}.Debug|Any CPU.ActiveCfg = Debug|Any CPU
		{C25E2317-1AD2-4FBF-BBC3-AB6B49F6890F}.Debug|Any CPU.Build.0 = Debug|Any CPU
		{C25E2317-1AD2-4FBF-BBC3-AB6B49F6890F}.Release|Any CPU.ActiveCfg = Release|Any CPU
		{C25E2317-1AD2-4FBF-BBC3-AB6B49F6890F}.Release|Any CPU.Build.0 = Release|Any CPU
		{C0A8BE55-52D8-4C35-B5C1-44B2E9FDF148}.Debug|Any CPU.ActiveCfg = Debug|Any CPU
		{C0A8BE55-52D8-4C35-B5C1-44B2E9FDF148}.Debug|Any CPU.Build.0 = Debug|Any CPU
		{C0A8BE55-52D8-4C35-B5C1-44B2E9FDF148}.Release|Any CPU.ActiveCfg = Release|Any CPU
		{C0A8BE55-52D8-4C35-B5C1-44B2E9FDF148}.Release|Any CPU.Build.0 = Release|Any CPU
		{99FF3484-DC2F-404B-8AF2-D242547BE2E3}.Debug|Any CPU.ActiveCfg = Debug|Any CPU
		{99FF3484-DC2F-404B-8AF2-D242547BE2E3}.Debug|Any CPU.Build.0 = Debug|Any CPU
		{99FF3484-DC2F-404B-8AF2-D242547BE2E3}.Release|Any CPU.ActiveCfg = Release|Any CPU
		{99FF3484-DC2F-404B-8AF2-D242547BE2E3}.Release|Any CPU.Build.0 = Release|Any CPU
		{04AF9EDF-A9CB-4155-BCB6-26F55AA699D4}.Debug|Any CPU.ActiveCfg = Debug|Any CPU
		{04AF9EDF-A9CB-4155-BCB6-26F55AA699D4}.Debug|Any CPU.Build.0 = Debug|Any CPU
		{04AF9EDF-A9CB-4155-BCB6-26F55AA699D4}.Release|Any CPU.ActiveCfg = Release|Any CPU
		{04AF9EDF-A9CB-4155-BCB6-26F55AA699D4}.Release|Any CPU.Build.0 = Release|Any CPU
		{D7BEF80B-269A-4257-9EDD-38891271E364}.Debug|Any CPU.ActiveCfg = Debug|Any CPU
		{D7BEF80B-269A-4257-9EDD-38891271E364}.Debug|Any CPU.Build.0 = Debug|Any CPU
		{D7BEF80B-269A-4257-9EDD-38891271E364}.Release|Any CPU.ActiveCfg = Release|Any CPU
		{D7BEF80B-269A-4257-9EDD-38891271E364}.Release|Any CPU.Build.0 = Release|Any CPU
		{DDE70100-D961-41DB-BE36-4FFA23D4042A}.Debug|Any CPU.ActiveCfg = Debug|Any CPU
		{DDE70100-D961-41DB-BE36-4FFA23D4042A}.Debug|Any CPU.Build.0 = Debug|Any CPU
		{DDE70100-D961-41DB-BE36-4FFA23D4042A}.Release|Any CPU.ActiveCfg = Release|Any CPU
		{DDE70100-D961-41DB-BE36-4FFA23D4042A}.Release|Any CPU.Build.0 = Release|Any CPU
		{1C120447-90AB-441C-B73F-CA472AEE3C61}.Debug|Any CPU.ActiveCfg = Debug|Any CPU
		{1C120447-90AB-441C-B73F-CA472AEE3C61}.Debug|Any CPU.Build.0 = Debug|Any CPU
		{1C120447-90AB-441C-B73F-CA472AEE3C61}.Release|Any CPU.ActiveCfg = Release|Any CPU
		{1C120447-90AB-441C-B73F-CA472AEE3C61}.Release|Any CPU.Build.0 = Release|Any CPU
		{8AF55FB3-43BA-460A-A8B3-D40BD5634D41}.Debug|Any CPU.ActiveCfg = Debug|Any CPU
		{8AF55FB3-43BA-460A-A8B3-D40BD5634D41}.Debug|Any CPU.Build.0 = Debug|Any CPU
		{8AF55FB3-43BA-460A-A8B3-D40BD5634D41}.Release|Any CPU.ActiveCfg = Release|Any CPU
		{8AF55FB3-43BA-460A-A8B3-D40BD5634D41}.Release|Any CPU.Build.0 = Release|Any CPU
		{44084171-86AC-405D-A6BA-8873AA354DB7}.Debug|Any CPU.ActiveCfg = Debug|Any CPU
		{44084171-86AC-405D-A6BA-8873AA354DB7}.Debug|Any CPU.Build.0 = Debug|Any CPU
		{44084171-86AC-405D-A6BA-8873AA354DB7}.Release|Any CPU.ActiveCfg = Release|Any CPU
		{44084171-86AC-405D-A6BA-8873AA354DB7}.Release|Any CPU.Build.0 = Release|Any CPU
		{0C0B4EA6-2788-47D5-B85A-7D44755A806C}.Debug|Any CPU.ActiveCfg = Debug|Any CPU
		{0C0B4EA6-2788-47D5-B85A-7D44755A806C}.Debug|Any CPU.Build.0 = Debug|Any CPU
		{0C0B4EA6-2788-47D5-B85A-7D44755A806C}.Release|Any CPU.ActiveCfg = Release|Any CPU
		{0C0B4EA6-2788-47D5-B85A-7D44755A806C}.Release|Any CPU.Build.0 = Release|Any CPU
		{FA9A8323-1F01-40CF-9348-00381D2FFF4A}.Debug|Any CPU.ActiveCfg = Debug|Any CPU
		{FA9A8323-1F01-40CF-9348-00381D2FFF4A}.Debug|Any CPU.Build.0 = Debug|Any CPU
		{FA9A8323-1F01-40CF-9348-00381D2FFF4A}.Release|Any CPU.ActiveCfg = Release|Any CPU
		{FA9A8323-1F01-40CF-9348-00381D2FFF4A}.Release|Any CPU.Build.0 = Release|Any CPU
		{4E8E7393-FD1A-4BA2-8386-32381E6BB11C}.Debug|Any CPU.ActiveCfg = Debug|Any CPU
		{4E8E7393-FD1A-4BA2-8386-32381E6BB11C}.Debug|Any CPU.Build.0 = Debug|Any CPU
		{4E8E7393-FD1A-4BA2-8386-32381E6BB11C}.Release|Any CPU.ActiveCfg = Release|Any CPU
		{4E8E7393-FD1A-4BA2-8386-32381E6BB11C}.Release|Any CPU.Build.0 = Release|Any CPU
		{3A7136A0-2311-49A2-8F5B-743A709810AE}.Debug|Any CPU.ActiveCfg = Debug|Any CPU
		{3A7136A0-2311-49A2-8F5B-743A709810AE}.Debug|Any CPU.Build.0 = Debug|Any CPU
		{3A7136A0-2311-49A2-8F5B-743A709810AE}.Release|Any CPU.ActiveCfg = Release|Any CPU
		{3A7136A0-2311-49A2-8F5B-743A709810AE}.Release|Any CPU.Build.0 = Release|Any CPU
		{C0706625-8032-440E-8D45-AD0E5DAD0A19}.Debug|Any CPU.ActiveCfg = Debug|Any CPU
		{C0706625-8032-440E-8D45-AD0E5DAD0A19}.Debug|Any CPU.Build.0 = Debug|Any CPU
		{C0706625-8032-440E-8D45-AD0E5DAD0A19}.Release|Any CPU.ActiveCfg = Release|Any CPU
		{C0706625-8032-440E-8D45-AD0E5DAD0A19}.Release|Any CPU.Build.0 = Release|Any CPU
		{F0E044D3-30AD-44A0-BE08-280C055A22F4}.Debug|Any CPU.ActiveCfg = Debug|Any CPU
		{F0E044D3-30AD-44A0-BE08-280C055A22F4}.Debug|Any CPU.Build.0 = Debug|Any CPU
		{F0E044D3-30AD-44A0-BE08-280C055A22F4}.Release|Any CPU.ActiveCfg = Release|Any CPU
		{F0E044D3-30AD-44A0-BE08-280C055A22F4}.Release|Any CPU.Build.0 = Release|Any CPU
	EndGlobalSection
	GlobalSection(SolutionProperties) = preSolution
		HideSolutionNode = FALSE
	EndGlobalSection
	GlobalSection(ExtensibilityGlobals) = postSolution
		SolutionGuid = {1BD25AC2-7EDA-4200-BA59-944C580AF9D3}
	EndGlobalSection
EndGlobal
